
Microsoft Visual Studio Solution File, Format Version 12.00
# Visual Studio Version 16
VisualStudioVersion = 16.0.29519.181
MinimumVisualStudioVersion = 10.0.40219.1
Project("{FAE04EC0-301F-11D3-BF4B-00C04F79EFBC}") = "ChatClient.Api", "ChatClient.Api\ChatClient.Api.csproj", "{15A83992-EF63-4D45-BE74-D9D78959F363}"
EndProject
Project("{FAE04EC0-301F-11D3-BF4B-00C04F79EFBC}") = "ChatClient.Core", "ChatClient.Core\ChatClient.Core.csproj", "{C69C1569-64C3-40D7-BB35-D84772A55631}"
EndProject
Project("{FAE04EC0-301F-11D3-BF4B-00C04F79EFBC}") = "ChatClient.Services", "ChatClient.Services\ChatClient.Services.csproj", "{CA43BC81-323E-491A-A3C6-B1F0004F0E27}"
EndProject
Project("{FAE04EC0-301F-11D3-BF4B-00C04F79EFBC}") = "ChatClient.Data", "ChatClient.Data\ChatClient.Data.csproj", "{C4DBD284-D71B-44DC-A312-5E3E93BC4102}"
EndProject
Global
	GlobalSection(SolutionConfigurationPlatforms) = preSolution
		Debug|Any CPU = Debug|Any CPU
		Release|Any CPU = Release|Any CPU
	EndGlobalSection
	GlobalSection(ProjectConfigurationPlatforms) = postSolution
		{15A83992-EF63-4D45-BE74-D9D78959F363}.Debug|Any CPU.ActiveCfg = Debug|Any CPU
		{15A83992-EF63-4D45-BE74-D9D78959F363}.Debug|Any CPU.Build.0 = Debug|Any CPU
		{15A83992-EF63-4D45-BE74-D9D78959F363}.Release|Any CPU.ActiveCfg = Release|Any CPU
		{15A83992-EF63-4D45-BE74-D9D78959F363}.Release|Any CPU.Build.0 = Release|Any CPU
		{C69C1569-64C3-40D7-BB35-D84772A55631}.Debug|Any CPU.ActiveCfg = Debug|Any CPU
		{C69C1569-64C3-40D7-BB35-D84772A55631}.Debug|Any CPU.Build.0 = Debug|Any CPU
		{C69C1569-64C3-40D7-BB35-D84772A55631}.Release|Any CPU.ActiveCfg = Release|Any CPU
		{C69C1569-64C3-40D7-BB35-D84772A55631}.Release|Any CPU.Build.0 = Release|Any CPU
		{CA43BC81-323E-491A-A3C6-B1F0004F0E27}.Debug|Any CPU.ActiveCfg = Debug|Any CPU
		{CA43BC81-323E-491A-A3C6-B1F0004F0E27}.Debug|Any CPU.Build.0 = Debug|Any CPU
		{CA43BC81-323E-491A-A3C6-B1F0004F0E27}.Release|Any CPU.ActiveCfg = Release|Any CPU
		{CA43BC81-323E-491A-A3C6-B1F0004F0E27}.Release|Any CPU.Build.0 = Release|Any CPU
		{C4DBD284-D71B-44DC-A312-5E3E93BC4102}.Debug|Any CPU.ActiveCfg = Debug|Any CPU
		{C4DBD284-D71B-44DC-A312-5E3E93BC4102}.Debug|Any CPU.Build.0 = Debug|Any CPU
		{C4DBD284-D71B-44DC-A312-5E3E93BC4102}.Release|Any CPU.ActiveCfg = Release|Any CPU
		{C4DBD284-D71B-44DC-A312-5E3E93BC4102}.Release|Any CPU.Build.0 = Release|Any CPU
	EndGlobalSection
	GlobalSection(SolutionProperties) = preSolution
		HideSolutionNode = FALSE
	EndGlobalSection
	GlobalSection(ExtensibilityGlobals) = postSolution
		SolutionGuid = {C810670A-BB92-46F7-9E20-233FFD37F6CF}
	EndGlobalSection
EndGlobal
