
Microsoft Visual Studio Solution File, Format Version 12.00
# Visual Studio Version 16
VisualStudioVersion = 16.0.29519.181
MinimumVisualStudioVersion = 10.0.40219.1
Project("{2150E333-8FDC-42A3-9474-1A3956D46DE8}") = "Core", "Core", "{FE4B108B-DD73-4959-8F2B-37B75D811D06}"
EndProject
Project("{2150E333-8FDC-42A3-9474-1A3956D46DE8}") = "Application", "Application", "{E8592E98-3AE8-4342-8504-C5B44B42C088}"
EndProject
Project("{2150E333-8FDC-42A3-9474-1A3956D46DE8}") = "Domain", "Domain", "{83E5BF90-D10E-4311-96E9-BB6CD0D115A9}"
EndProject
Project("{2150E333-8FDC-42A3-9474-1A3956D46DE8}") = "Infrastructure", "Infrastructure", "{386EEBDC-4068-4D9D-A7C2-2B5666C0DA47}"
EndProject
Project("{2150E333-8FDC-42A3-9474-1A3956D46DE8}") = "Persistence", "Persistence", "{385BDEBC-B2E8-4E4B-BF11-5D144768D007}"
EndProject
Project("{2150E333-8FDC-42A3-9474-1A3956D46DE8}") = "Shared", "Shared", "{250A05BC-D830-4F9E-8148-417F6975BB8F}"
EndProject
Project("{2150E333-8FDC-42A3-9474-1A3956D46DE8}") = "Presentation", "Presentation", "{FE536470-6C75-4A51-A1F6-C53607B14BF0}"
EndProject
Project("{2150E333-8FDC-42A3-9474-1A3956D46DE8}") = "Api", "Api", "{61F34F63-54A8-4F55-9808-7F7CF631A0B5}"
EndProject
Project("{2150E333-8FDC-42A3-9474-1A3956D46DE8}") = "Client", "Client", "{325061FA-9731-4A26-8C61-2161C4BCA88F}"
EndProject
Project("{FAE04EC0-301F-11D3-BF4B-00C04F79EFBC}") = "Core.Domain", "Core\Domain\Core.Domain\Core.Domain.csproj", "{04C5048A-70BD-4906-88EB-867A571544D8}"
EndProject
Project("{FAE04EC0-301F-11D3-BF4B-00C04F79EFBC}") = "Core.Domain.Test", "Core\Domain\Core.Domain.Test\Core.Domain.Test.csproj", "{595DAE4E-F5CF-4418-8ED2-CBBE56F6ADC3}"
EndProject
Project("{FAE04EC0-301F-11D3-BF4B-00C04F79EFBC}") = "Core.Application.Test", "Core\Application\Core.Application.Test\Core.Application.Test.csproj", "{D2339CDB-3024-4E4F-B7D3-AE10DF4019A6}"
EndProject
Project("{FAE04EC0-301F-11D3-BF4B-00C04F79EFBC}") = "Core.Application", "Core\Application\Core.Application\Core.Application.csproj", "{F25004B1-18AB-449B-BFED-CC0226E27B15}"
EndProject
Project("{FAE04EC0-301F-11D3-BF4B-00C04F79EFBC}") = "Infrastructure.Persistence", "Infrastructure\Persistence\Infrastructure.Persistence\Infrastructure.Persistence.csproj", "{2D3EF9E3-F32C-4636-BCBB-EB9356F6BF54}"
EndProject
Project("{FAE04EC0-301F-11D3-BF4B-00C04F79EFBC}") = "Infrastructure.Persistence.Test", "Infrastructure\Persistence\Infrastructure.Persistence.Test\Infrastructure.Persistence.Test.csproj", "{F188F760-B045-4576-BCCF-8D0BB2213840}"
EndProject
Project("{FAE04EC0-301F-11D3-BF4B-00C04F79EFBC}") = "Infrastructure.Shared", "Infrastructure\Shared\Infrastructure.Shared\Infrastructure.Shared.csproj", "{93F7E186-AB51-46E6-B9FF-33104D7145FD}"
EndProject
Project("{FAE04EC0-301F-11D3-BF4B-00C04F79EFBC}") = "Infrastructure.Shared.Test", "Infrastructure\Shared\Infrastructure.Shared.Test\Infrastructure.Shared.Test.csproj", "{DC167D08-AF59-453B-BD90-DDFE509CBE58}"
EndProject
Global
	GlobalSection(SolutionConfigurationPlatforms) = preSolution
		Debug|Any CPU = Debug|Any CPU
		Release|Any CPU = Release|Any CPU
	EndGlobalSection
	GlobalSection(ProjectConfigurationPlatforms) = postSolution
		{04C5048A-70BD-4906-88EB-867A571544D8}.Debug|Any CPU.ActiveCfg = Debug|Any CPU
		{04C5048A-70BD-4906-88EB-867A571544D8}.Debug|Any CPU.Build.0 = Debug|Any CPU
		{04C5048A-70BD-4906-88EB-867A571544D8}.Release|Any CPU.ActiveCfg = Release|Any CPU
		{04C5048A-70BD-4906-88EB-867A571544D8}.Release|Any CPU.Build.0 = Release|Any CPU
		{595DAE4E-F5CF-4418-8ED2-CBBE56F6ADC3}.Debug|Any CPU.ActiveCfg = Debug|Any CPU
		{595DAE4E-F5CF-4418-8ED2-CBBE56F6ADC3}.Debug|Any CPU.Build.0 = Debug|Any CPU
		{595DAE4E-F5CF-4418-8ED2-CBBE56F6ADC3}.Release|Any CPU.ActiveCfg = Release|Any CPU
		{595DAE4E-F5CF-4418-8ED2-CBBE56F6ADC3}.Release|Any CPU.Build.0 = Release|Any CPU
		{D2339CDB-3024-4E4F-B7D3-AE10DF4019A6}.Debug|Any CPU.ActiveCfg = Debug|Any CPU
		{D2339CDB-3024-4E4F-B7D3-AE10DF4019A6}.Debug|Any CPU.Build.0 = Debug|Any CPU
		{D2339CDB-3024-4E4F-B7D3-AE10DF4019A6}.Release|Any CPU.ActiveCfg = Release|Any CPU
		{D2339CDB-3024-4E4F-B7D3-AE10DF4019A6}.Release|Any CPU.Build.0 = Release|Any CPU
		{F25004B1-18AB-449B-BFED-CC0226E27B15}.Debug|Any CPU.ActiveCfg = Debug|Any CPU
		{F25004B1-18AB-449B-BFED-CC0226E27B15}.Debug|Any CPU.Build.0 = Debug|Any CPU
		{F25004B1-18AB-449B-BFED-CC0226E27B15}.Release|Any CPU.ActiveCfg = Release|Any CPU
		{F25004B1-18AB-449B-BFED-CC0226E27B15}.Release|Any CPU.Build.0 = Release|Any CPU
		{2D3EF9E3-F32C-4636-BCBB-EB9356F6BF54}.Debug|Any CPU.ActiveCfg = Debug|Any CPU
		{2D3EF9E3-F32C-4636-BCBB-EB9356F6BF54}.Debug|Any CPU.Build.0 = Debug|Any CPU
		{2D3EF9E3-F32C-4636-BCBB-EB9356F6BF54}.Release|Any CPU.ActiveCfg = Release|Any CPU
		{2D3EF9E3-F32C-4636-BCBB-EB9356F6BF54}.Release|Any CPU.Build.0 = Release|Any CPU
		{F188F760-B045-4576-BCCF-8D0BB2213840}.Debug|Any CPU.ActiveCfg = Debug|Any CPU
		{F188F760-B045-4576-BCCF-8D0BB2213840}.Debug|Any CPU.Build.0 = Debug|Any CPU
		{F188F760-B045-4576-BCCF-8D0BB2213840}.Release|Any CPU.ActiveCfg = Release|Any CPU
		{F188F760-B045-4576-BCCF-8D0BB2213840}.Release|Any CPU.Build.0 = Release|Any CPU
		{93F7E186-AB51-46E6-B9FF-33104D7145FD}.Debug|Any CPU.ActiveCfg = Debug|Any CPU
		{93F7E186-AB51-46E6-B9FF-33104D7145FD}.Debug|Any CPU.Build.0 = Debug|Any CPU
		{93F7E186-AB51-46E6-B9FF-33104D7145FD}.Release|Any CPU.ActiveCfg = Release|Any CPU
		{93F7E186-AB51-46E6-B9FF-33104D7145FD}.Release|Any CPU.Build.0 = Release|Any CPU
		{DC167D08-AF59-453B-BD90-DDFE509CBE58}.Debug|Any CPU.ActiveCfg = Debug|Any CPU
		{DC167D08-AF59-453B-BD90-DDFE509CBE58}.Debug|Any CPU.Build.0 = Debug|Any CPU
		{DC167D08-AF59-453B-BD90-DDFE509CBE58}.Release|Any CPU.ActiveCfg = Release|Any CPU
		{DC167D08-AF59-453B-BD90-DDFE509CBE58}.Release|Any CPU.Build.0 = Release|Any CPU
	EndGlobalSection
	GlobalSection(SolutionProperties) = preSolution
		HideSolutionNode = FALSE
	EndGlobalSection
	GlobalSection(NestedProjects) = preSolution
		{E8592E98-3AE8-4342-8504-C5B44B42C088} = {FE4B108B-DD73-4959-8F2B-37B75D811D06}
		{83E5BF90-D10E-4311-96E9-BB6CD0D115A9} = {FE4B108B-DD73-4959-8F2B-37B75D811D06}
		{385BDEBC-B2E8-4E4B-BF11-5D144768D007} = {386EEBDC-4068-4D9D-A7C2-2B5666C0DA47}
		{250A05BC-D830-4F9E-8148-417F6975BB8F} = {386EEBDC-4068-4D9D-A7C2-2B5666C0DA47}
		{61F34F63-54A8-4F55-9808-7F7CF631A0B5} = {FE536470-6C75-4A51-A1F6-C53607B14BF0}
		{325061FA-9731-4A26-8C61-2161C4BCA88F} = {FE536470-6C75-4A51-A1F6-C53607B14BF0}
		{04C5048A-70BD-4906-88EB-867A571544D8} = {83E5BF90-D10E-4311-96E9-BB6CD0D115A9}
		{595DAE4E-F5CF-4418-8ED2-CBBE56F6ADC3} = {83E5BF90-D10E-4311-96E9-BB6CD0D115A9}
		{D2339CDB-3024-4E4F-B7D3-AE10DF4019A6} = {E8592E98-3AE8-4342-8504-C5B44B42C088}
		{F25004B1-18AB-449B-BFED-CC0226E27B15} = {E8592E98-3AE8-4342-8504-C5B44B42C088}
		{2D3EF9E3-F32C-4636-BCBB-EB9356F6BF54} = {385BDEBC-B2E8-4E4B-BF11-5D144768D007}
		{F188F760-B045-4576-BCCF-8D0BB2213840} = {385BDEBC-B2E8-4E4B-BF11-5D144768D007}
		{93F7E186-AB51-46E6-B9FF-33104D7145FD} = {250A05BC-D830-4F9E-8148-417F6975BB8F}
		{DC167D08-AF59-453B-BD90-DDFE509CBE58} = {250A05BC-D830-4F9E-8148-417F6975BB8F}
	EndGlobalSection
	GlobalSection(ExtensibilityGlobals) = postSolution
		SolutionGuid = {B3271910-6BBF-4A8F-A1FC-1D3F58BC0460}
	EndGlobalSection
EndGlobal
